
Microsoft Visual Studio Solution File, Format Version 12.00
# Visual Studio Version 16
VisualStudioVersion = 16.0.32602.291
MinimumVisualStudioVersion = 10.0.40219.1
Project("{FAE04EC0-301F-11D3-BF4B-00C04F79EFBC}") = "AvtorizationTns", "AvtorizationTns\AvtorizationTns.csproj", "{09AB8C35-47D3-47EF-9876-5A38B7DBF38E}"
EndProject
Global
	GlobalSection(SolutionConfigurationPlatforms) = preSolution
		Debug|Any CPU = Debug|Any CPU
		Release|Any CPU = Release|Any CPU
	EndGlobalSection
	GlobalSection(ProjectConfigurationPlatforms) = postSolution
		{09AB8C35-47D3-47EF-9876-5A38B7DBF38E}.Debug|Any CPU.ActiveCfg = Debug|Any CPU
		{09AB8C35-47D3-47EF-9876-5A38B7DBF38E}.Debug|Any CPU.Build.0 = Debug|Any CPU
		{09AB8C35-47D3-47EF-9876-5A38B7DBF38E}.Release|Any CPU.ActiveCfg = Release|Any CPU
		{09AB8C35-47D3-47EF-9876-5A38B7DBF38E}.Release|Any CPU.Build.0 = Release|Any CPU
	EndGlobalSection
	GlobalSection(SolutionProperties) = preSolution
		HideSolutionNode = FALSE
	EndGlobalSection
	GlobalSection(ExtensibilityGlobals) = postSolution
		SolutionGuid = {6A56C08B-C06D-4743-B2D4-AAD1CE0A9173}
	EndGlobalSection
EndGlobal
